{
  "nodes": {
    "flake-utils": {
      "locked": {
        "lastModified": 1623875721,
        "narHash": "sha256-A8BU7bjS5GirpAUv4QA+QnJ4CceLHkcXdRp4xITDB0s=",
        "owner": "numtide",
        "repo": "flake-utils",
        "rev": "f7e004a55b120c02ecb6219596820fcd32ca8772",
        "type": "github"
      },
      "original": {
        "owner": "numtide",
        "repo": "flake-utils",
        "type": "github"
      }
    },
    "nixpkgs": {
      "locked": {
        "lastModified": 1628121792,
        "narHash": "sha256-1e0B/kFKfKbHVCwYTAuLiigF4Cku2Fz1La9zk4wphLY=",
        "owner": "NixOS",
        "repo": "nixpkgs",
        "rev": "851f4c9d1a11c4f41d7f55d2180ea56f2fb1cc4f",
        "type": "github"
      },
      "original": {
        "owner": "NixOS",
        "ref": "staging-21.05",
        "repo": "nixpkgs",
        "type": "github"
      }
    },
    "root": {
      "inputs": {
        "flake-utils": "flake-utils",
        "nixpkgs": "nixpkgs",
        "src": "src"
      }
    },
    "src": {
      "flake": false,
      "locked": {
        "lastModified": 1626228776,
        "narHash": "sha256-afHyatGvWjG0cJJ7PoCEnO5377V6IxZ9kaAMV0YAbys=",
        "owner": "envoyproxy",
        "repo": "envoy",
        "rev": "68fe53a889416fd8570506232052b06f5a531541",
        "type": "github"
      },
      "original": {
        "owner": "envoyproxy",
        "ref": "v1.19.0",
        "repo": "envoy",
        "type": "github"
      }
    }
  },
  "root": "root",
  "version": 7
}
